# THIS IS AN AUTOGENERATED FILE. DO NOT EDIT THIS FILE DIRECTLY.
# yarn lockfile v1


react-modal-image@^2.6.0:
  version "2.6.0"
  resolved "https://registry.yarnpkg.com/react-modal-image/-/react-modal-image-2.6.0.tgz#24b5963b5a50c029a445d125efb49870738700d5"
  integrity sha512-NNc1xPKzFAn0VsNMdJ8NXt6c54aL/z0fcoYmw9qn4SBUONdGl+8LOQ0sTfo0wtdzcjLiby/ncloHcAL+UI+wIA==
