# THIS IS AN AUTOGENERATED FILE. DO NOT EDIT THIS FILE DIRECTLY.
# yarn lockfile v1


decode-uri-component@^0.4.1:
  version "0.4.1"
  resolved "https://registry.yarnpkg.com/decode-uri-component/-/decode-uri-component-0.4.1.tgz#2ac4859663c704be22bf7db760a1494a49ab2cc5"
  integrity sha512-+8VxcR21HhTy8nOt6jf20w0c9CADrw1O8d+VZ/YzzCt4bJ3uBjw+D1q2osAB8RnpwwaeYBxy0HyKQxD5JBMuuQ==

filter-obj@^5.1.0:
  version "5.1.0"
  resolved "https://registry.yarnpkg.com/filter-obj/-/filter-obj-5.1.0.tgz#5bd89676000a713d7db2e197f660274428e524ed"
  integrity sha512-qWeTREPoT7I0bifpPUXtxkZJ1XJzxWtfoWWkdVGqa+eCr3SHW/Ocp89o8vLvbUuQnadybJpjOKu4V+RwO6sGng==

goober@^2.1.10:
  version "2.1.13"
  resolved "https://registry.yarnpkg.com/goober/-/goober-2.1.13.tgz#e3c06d5578486212a76c9eba860cbc3232ff6d7c"
  integrity sha512-jFj3BQeleOoy7t93E9rZ2de+ScC4lQICLwiAQmKMg9F6roKGaLSHoCDYKkWlSafg138jejvq/mTdvmnwDQgqoQ==

query-string@^8.1.0:
  version "8.1.0"
  resolved "https://registry.yarnpkg.com/query-string/-/query-string-8.1.0.tgz#e7f95367737219544cd360a11a4f4ca03836e115"
  integrity sha512-BFQeWxJOZxZGix7y+SByG3F36dA0AbTy9o6pSmKFcFz7DAj0re9Frkty3saBn3nHo3D0oZJ/+rx3r8H8r8Jbpw==
  dependencies:
    decode-uri-component "^0.4.1"
    filter-obj "^5.1.0"
    split-on-first "^3.0.0"

react-hot-toast@^2.4.1:
  version "2.4.1"
  resolved "https://registry.yarnpkg.com/react-hot-toast/-/react-hot-toast-2.4.1.tgz#df04295eda8a7b12c4f968e54a61c8d36f4c0994"
  integrity sha512-j8z+cQbWIM5LY37pR6uZR6D4LfseplqnuAO4co4u8917hBUvXlEqyP1ZzqVLcqoyUesZZv/ImreoCeHVDpE5pQ==
  dependencies:
    goober "^2.1.10"

react-modal-image@^2.6.0:
  version "2.6.0"
  resolved "https://registry.yarnpkg.com/react-modal-image/-/react-modal-image-2.6.0.tgz#24b5963b5a50c029a445d125efb49870738700d5"
  integrity sha512-NNc1xPKzFAn0VsNMdJ8NXt6c54aL/z0fcoYmw9qn4SBUONdGl+8LOQ0sTfo0wtdzcjLiby/ncloHcAL+UI+wIA==

split-on-first@^3.0.0:
  version "3.0.0"
  resolved "https://registry.yarnpkg.com/split-on-first/-/split-on-first-3.0.0.tgz#f04959c9ea8101b9b0bbf35a61b9ebea784a23e7"
  integrity sha512-qxQJTx2ryR0Dw0ITYyekNQWpz6f8dGd7vffGNflQQ3Iqj9NJ6qiZ7ELpZsJ/QBhIVAiDfXdag3+Gp8RvWa62AA==
